
Microsoft Visual Studio Solution File, Format Version 12.00
# Visual Studio Version 16
VisualStudioVersion = 16.0.31729.503
MinimumVisualStudioVersion = 10.0.40219.1
Project("{FAE04EC0-301F-11D3-BF4B-00C04F79EFBC}") = "CotacaoDolarHG", "CotacaoDolarHG\CotacaoDolarHG.csproj", "{DD6065D0-06B6-4608-A1A8-301E906FA4CC}"
EndProject
Global
	GlobalSection(SolutionConfigurationPlatforms) = preSolution
		Debug|Any CPU = Debug|Any CPU
		Release|Any CPU = Release|Any CPU
	EndGlobalSection
	GlobalSection(ProjectConfigurationPlatforms) = postSolution
		{DD6065D0-06B6-4608-A1A8-301E906FA4CC}.Debug|Any CPU.ActiveCfg = Debug|Any CPU
		{DD6065D0-06B6-4608-A1A8-301E906FA4CC}.Debug|Any CPU.Build.0 = Debug|Any CPU
		{DD6065D0-06B6-4608-A1A8-301E906FA4CC}.Release|Any CPU.ActiveCfg = Release|Any CPU
		{DD6065D0-06B6-4608-A1A8-301E906FA4CC}.Release|Any CPU.Build.0 = Release|Any CPU
	EndGlobalSection
	GlobalSection(SolutionProperties) = preSolution
		HideSolutionNode = FALSE
	EndGlobalSection
	GlobalSection(ExtensibilityGlobals) = postSolution
		SolutionGuid = {1E72FE32-EC47-40D6-BCCB-9D4275E462C3}
	EndGlobalSection
EndGlobal
